
Microsoft Visual Studio Solution File, Format Version 12.00
Project("{2150E333-8FDC-42A3-9474-1A3956D46DE8}") = "src", "src", "{49033BC7-E7AD-4E90-8824-9C94E407B867}"
EndProject
Project("{2150E333-8FDC-42A3-9474-1A3956D46DE8}") = "tests", "tests", "{92F11480-AA7D-45EB-B29F-1C12F12EDC3D}"
EndProject
Project("{2150E333-8FDC-42A3-9474-1A3956D46DE8}") = "Solution Items", "Solution Items", "{1CD1C847-646D-4201-BE31-F037897B252A}"
	ProjectSection(SolutionItems) = preProject
		README.md = README.md
		.editorconfig = .editorconfig
	EndProjectSection
EndProject
Project("{2150E333-8FDC-42A3-9474-1A3956D46DE8}") = "GitHub", "GitHub", "{9CD8EDA6-C17C-488B-B463-CA5AAB7B16DB}"
	ProjectSection(SolutionItems) = preProject
		.github\workflows\qodana_code_quality.yml = .github\workflows\qodana_code_quality.yml
		.github\workflows\github-release.yml = .github\workflows\github-release.yml
		.github\workflows\dependency-review.yml = .github\workflows\dependency-review.yml
		.github\workflows\ci.yml = .github\workflows\ci.yml
	EndProjectSection
EndProject
Project("{FAE04EC0-301F-11D3-BF4B-00C04F79EFBC}") = "Theodicean.SourceGenerators", "src\Theodicean.SourceGenerators\Theodicean.SourceGenerators.csproj", "{B45903A7-3760-4946-854F-E663E225936E}"
EndProject
Project("{FAE04EC0-301F-11D3-BF4B-00C04F79EFBC}") = "Theodicean.SourceGenerators.Attributes", "src\Theodicean.SourceGenerators.Attributes\Theodicean.SourceGenerators.Attributes.csproj", "{41598FE0-8E6E-4A7A-BB0E-517069FF0FCA}"
EndProject
Project("{FAE04EC0-301F-11D3-BF4B-00C04F79EFBC}") = "Theodicean.SourceGenerators.Tests", "tests\Theodicean.SourceGenerators.Tests\Theodicean.SourceGenerators.Tests.csproj", "{1B3FC773-8ED7-4E91-ADE1-6DFD7775B6C9}"
EndProject
Global
	GlobalSection(SolutionConfigurationPlatforms) = preSolution
		Debug|Any CPU = Debug|Any CPU
		Release|Any CPU = Release|Any CPU
	EndGlobalSection
	GlobalSection(ProjectConfigurationPlatforms) = postSolution
		{B45903A7-3760-4946-854F-E663E225936E}.Debug|Any CPU.ActiveCfg = Debug|Any CPU
		{B45903A7-3760-4946-854F-E663E225936E}.Debug|Any CPU.Build.0 = Debug|Any CPU
		{B45903A7-3760-4946-854F-E663E225936E}.Release|Any CPU.ActiveCfg = Release|Any CPU
		{B45903A7-3760-4946-854F-E663E225936E}.Release|Any CPU.Build.0 = Release|Any CPU
		{41598FE0-8E6E-4A7A-BB0E-517069FF0FCA}.Debug|Any CPU.ActiveCfg = Debug|Any CPU
		{41598FE0-8E6E-4A7A-BB0E-517069FF0FCA}.Debug|Any CPU.Build.0 = Debug|Any CPU
		{41598FE0-8E6E-4A7A-BB0E-517069FF0FCA}.Release|Any CPU.ActiveCfg = Release|Any CPU
		{41598FE0-8E6E-4A7A-BB0E-517069FF0FCA}.Release|Any CPU.Build.0 = Release|Any CPU
		{1B3FC773-8ED7-4E91-ADE1-6DFD7775B6C9}.Debug|Any CPU.ActiveCfg = Debug|Any CPU
		{1B3FC773-8ED7-4E91-ADE1-6DFD7775B6C9}.Debug|Any CPU.Build.0 = Debug|Any CPU
		{1B3FC773-8ED7-4E91-ADE1-6DFD7775B6C9}.Release|Any CPU.ActiveCfg = Release|Any CPU
		{1B3FC773-8ED7-4E91-ADE1-6DFD7775B6C9}.Release|Any CPU.Build.0 = Release|Any CPU
	EndGlobalSection
	GlobalSection(NestedProjects) = preSolution
		{9CD8EDA6-C17C-488B-B463-CA5AAB7B16DB} = {1CD1C847-646D-4201-BE31-F037897B252A}
		{B45903A7-3760-4946-854F-E663E225936E} = {49033BC7-E7AD-4E90-8824-9C94E407B867}
		{41598FE0-8E6E-4A7A-BB0E-517069FF0FCA} = {49033BC7-E7AD-4E90-8824-9C94E407B867}
		{1B3FC773-8ED7-4E91-ADE1-6DFD7775B6C9} = {92F11480-AA7D-45EB-B29F-1C12F12EDC3D}
	EndGlobalSection
EndGlobal
