{
  "version": 1,
  "dependencies": {
    "net10.0": {
      "Meziantou.Analyzer": {
        "type": "Direct",
        "requested": "[3.0.231, )",
        "resolved": "3.0.231",
        "contentHash": "LFW/rDMBp1ufbDg4KALGT05nZ3eoHOnYVlnWmLu1w72V1L1W4W3NTE6XFP+mtvV9TpsSUd1p2eaDJdiuD8UiFQ=="
      },
      "Microsoft.CodeAnalysis.CSharp": {
        "type": "Direct",
        "requested": "[5.3.0, )",
        "resolved": "5.3.0",
        "contentHash": "SQFNGQF4f7UfDXKxMzzGNMr3fjrPDIjLfmRvvVgDCw+dyvEHDaRfHuKA5q0Pr0/JW0Gcw89TxrxrS/MjwBvluQ==",
        "dependencies": {
          "Microsoft.CodeAnalysis.Analyzers": "5.3.0-2.25625.1",
          "Microsoft.CodeAnalysis.Common": "[5.3.0]"
        }
      },
      "TUnit": {
        "type": "Direct",
        "requested": "[1.66.27, )",
        "resolved": "1.66.27",
        "contentHash": "3pBQuAY79GFln1bcbi0MV5/mCF+xmxf6uixHSIzzllsqTGQFVOkFsDKaCHstgb0cHqX/tFbrXuEtNgAavEGZRQ==",
        "dependencies": {
          "Microsoft.Testing.Extensions.CodeCoverage": "18.10.0",
          "Microsoft.Testing.Extensions.Telemetry": "2.4.0",
          "Microsoft.Testing.Extensions.TrxReport": "2.3.3",
          "TUnit.Assertions": "1.66.27",
          "TUnit.Engine": "1.66.27"
        }
      },
      "Verify.TUnit": {
        "type": "Direct",
        "requested": "[32.0.0, )",
        "resolved": "32.0.0",
        "contentHash": "mV/NkuBylG28ilm3Pn9jwJAligDoG/SKnVM0wJjiUtM1VA4ZCHUUJS9fkriHLqugMWi1qfdyJjBIhApIO7uvbQ==",
        "dependencies": {
          "Argon": "0.35.2",
          "DiffEngine": "20.0.0",
          "SimpleInfoName": "3.2.0",
          "TUnit.Core": "1.65.63",
          "Verify": "32.0.0"
        }
      },
      "Argon": {
        "type": "Transitive",
        "resolved": "0.35.2",
        "contentHash": "o0I9+qxk1r4EB8vqRaC49kHog8/UUuFPSqpUwi5husDuqTBbbWIhLOwO2uhzA6pdM4UJoz+owN/c1p05YxAs3A=="
      },
      "DiffEngine": {
        "type": "Transitive",
        "resolved": "20.0.0",
        "contentHash": "xPMY2HXF/ceSxWkuXGMVRHrgwdoXPlY+Mv08jgFHcpXoyC3RtyyvvoPIiNRrCSVYL32JH9W7jIDjGf5ZsbP8CA==",
        "dependencies": {
          "EmptyFiles": "8.18.2"
        }
      },
      "EmptyFiles": {
        "type": "Transitive",
        "resolved": "8.18.2",
        "contentHash": "9TKkDyiREYxgTDeoBrVlmBP83w7Hjhj5sDACQhketSgRhgaXRKpjPW7sazx3PEOg0i5PbrwLjoJG9caavf69hg=="
      },
      "Microsoft.ApplicationInsights": {
        "type": "Transitive",
        "resolved": "2.23.0",
        "contentHash": "nWArUZTdU7iqZLycLKWe0TDms48KKGE6pONH2terYNa8REXiqixrMOkf1sk5DHGMaUTqONU2YkS4SAXBhLStgw=="
      },
      "Microsoft.CodeAnalysis.Analyzers": {
        "type": "Transitive",
        "resolved": "5.3.0-2.25625.1",
        "contentHash": "4Yhh2fnu3G+J0J1lDc8WZVgMjgbynSeTfkl5IFJMFrmiIO0sc7Tjx+f3sFVV8Sd35PrIUWfof0RWc3lAMl7Azg=="
      },
      "Microsoft.CodeAnalysis.Common": {
        "type": "Transitive",
        "resolved": "5.3.0",
        "contentHash": "uC0qk3jzTQY7i90ehfnCqaOZpBUGJyPMiHJ3c0jOb8yaPBjWzIhVdNxPbeVzI74DB0C+YgBKPLqUkgFZzua5Mg==",
        "dependencies": {
          "Microsoft.CodeAnalysis.Analyzers": "5.3.0-2.25625.1"
        }
      },
      "Microsoft.DiaSymReader": {
        "type": "Transitive",
        "resolved": "2.2.10",
        "contentHash": "zmGsm6b2y3STDa/Of7rdkkfTDV8VuGB8aCqIkLoJIQh5tL78K3zJ8OUyFKnfsaORXmGr9iOKwDkZfUjeXi+CwA=="
      },
      "Microsoft.Extensions.DependencyModel": {
        "type": "Transitive",
        "resolved": "10.0.10",
        "contentHash": "rfZA1RjR021RPqSmIPovfz2aOd79TGqJ9BengbjnzIISOVwjLmuSDnhCMmiY/1c6iYvGolQ1iNGzkav0u11XEA=="
      },
      "Microsoft.Testing.Extensions.CodeCoverage": {
        "type": "Transitive",
        "resolved": "18.10.0",
        "contentHash": "elUX4tKloHh2VCxagbmhV1039xBuE3lKXITtt/hUYU286hl+ja8poOUsF9OnevKoFKt7+p9vLb1LqqW7rFGi9Q==",
        "dependencies": {
          "Microsoft.DiaSymReader": "2.2.10",
          "Microsoft.Extensions.DependencyModel": "10.0.10",
          "Microsoft.Testing.Platform": "2.3.3"
        }
      },
      "Microsoft.Testing.Extensions.Telemetry": {
        "type": "Transitive",
        "resolved": "2.4.0",
        "contentHash": "JeP1RFqBa11fWmBk8xEfZcMKr4rxWSyI6OZ+659V069CaMkTEOQBW2UdSSeNz3absOsygcn7JJkzerC4LGnZ9w==",
        "dependencies": {
          "Microsoft.ApplicationInsights": "2.23.0",
          "Microsoft.Testing.Platform": "[2.4.0, 3.0.0)"
        }
      },
      "Microsoft.Testing.Extensions.TrxReport": {
        "type": "Transitive",
        "resolved": "2.3.3",
        "contentHash": "vYBqGSlT94B8d6d4PRdPQ83ogn3kK4kXcnI3SlHBHZu1XsU01IDTMnWoto5v5wXN/Mz4XsVM3Do/sJdGRgH29g==",
        "dependencies": {
          "Microsoft.Testing.Extensions.TrxReport.Abstractions": "2.3.3",
          "Microsoft.Testing.Platform": "2.3.3"
        }
      },
      "Microsoft.Testing.Extensions.TrxReport.Abstractions": {
        "type": "Transitive",
        "resolved": "2.4.0",
        "contentHash": "uRb+4qM42dFDg4kWJZ2kFEcwESNVCRZJjItp5vETorN3rSJGysP617LqYirOcrCYmxg+obPreHMM5JcsNDKtBw==",
        "dependencies": {
          "Microsoft.Testing.Platform": "[2.4.0, 3.0.0)"
        }
      },
      "Microsoft.Testing.Platform": {
        "type": "Transitive",
        "resolved": "2.4.0",
        "contentHash": "dp1N3P1ujb0ztwFgqz2o/ItEvq+pm19/AiA+Xq7Zpcy7oPMcxDBZLYGtf0LlU1MveEBJuKVjZhI+LnkfcH/0jQ=="
      },
      "Microsoft.Testing.Platform.MSBuild": {
        "type": "Transitive",
        "resolved": "2.4.0",
        "contentHash": "qr5M6h16YHMJLFDcWELFVMMpGte2BUmveBZKT5YoBV+bmuJRPu9bv/Zqke4yQuOEKRNxoAETrG5jr+/6Rnr3Hg==",
        "dependencies": {
          "Microsoft.Testing.Platform": "[2.4.0, 3.0.0)"
        }
      },
      "SimpleInfoName": {
        "type": "Transitive",
        "resolved": "3.2.0",
        "contentHash": "K8ivHRbPWfncijk62Dan/r/z55gwq3aFzqB6yFlD9X0bbpIaacHyHH2cpcIdz0FECUpERUZTwxts0z4gRWpQpA=="
      },
      "TUnit.Assertions": {
        "type": "Transitive",
        "resolved": "1.66.27",
        "contentHash": "tjkydsBhXIm5N5CTHmagRwtzy9wYphuO3PXKYr8rba8VVk96cLuI7SlG3KPYQcIiRKPwpzpv1TpOxDEEkj9P9g=="
      },
      "TUnit.Core": {
        "type": "Transitive",
        "resolved": "1.66.27",
        "contentHash": "vh3sk+ezfKn9KuAH23Cr6DqWdx+eJj5yvDeHpVsfYrOFytiI2veY/w3ZJI5NG+Prt4g4rx9Y8i30T9oKJrjAYg=="
      },
      "TUnit.Engine": {
        "type": "Transitive",
        "resolved": "1.66.27",
        "contentHash": "OdDEUCWO686+J1+V8140FG2HM0KAJ/+xJWm87MZ9nuPbwSWtZjswfdxD4TZCldlp57/uNSXSILe7td2d99vztg==",
        "dependencies": {
          "Microsoft.Testing.Extensions.TrxReport.Abstractions": "2.4.0",
          "Microsoft.Testing.Platform": "2.4.0",
          "Microsoft.Testing.Platform.MSBuild": "2.4.0",
          "TUnit.Core": "1.66.27"
        }
      },
      "Verify": {
        "type": "Transitive",
        "resolved": "32.0.0",
        "contentHash": "HKCb7XJh8tbyvjGF3bKrvWR0Gtv4i6Ik5+WXdQXdT2JyJ59+BpmAT5p2oghwIHbuNhi8WRIq7NHbIt4Rc3ff0A==",
        "dependencies": {
          "Argon": "0.35.2",
          "DiffEngine": "20.0.0",
          "SimpleInfoName": "3.2.0"
        }
      },
      "theodicean.sourcegenerators": {
        "type": "Project"
      },
      "theodicean.sourcegenerators.attributes": {
        "type": "Project"
      }
    }
  }
}