{
  "version": 1,
  "dependencies": {
    "net10.0": {
      "Meziantou.Analyzer": {
        "type": "Direct",
        "requested": "[3.0.294, )",
        "resolved": "3.0.294",
        "contentHash": "j78ENG75OozcuL0OPSIjvgLaYI4F5nS8mpK02PlXCCCXj8A4CAIfpKw27ZPvG4k8TweGqParV8Dwm2VAwBBmgg=="
      },
      "Microsoft.CodeAnalysis.CSharp": {
        "type": "Direct",
        "requested": "[5.3.0, )",
        "resolved": "5.3.0",
        "contentHash": "SQFNGQF4f7UfDXKxMzzGNMr3fjrPDIjLfmRvvVgDCw+dyvEHDaRfHuKA5q0Pr0/JW0Gcw89TxrxrS/MjwBvluQ==",
        "dependencies": {
          "Microsoft.CodeAnalysis.Analyzers": "5.3.0-2.25625.1",
          "Microsoft.CodeAnalysis.Common": "[5.3.0]"
        }
      },
      "TUnit": {
        "type": "Direct",
        "requested": "[1.73.0, )",
        "resolved": "1.73.0",
        "contentHash": "OqR1flytHRq5YGvnk5nk/Ns7uweUGlaue10limU7ZRi1kxM6MIz8y6FmGTUROMU7OAJ98x5oyWR6INkNrEZaDg==",
        "dependencies": {
          "Microsoft.Testing.Extensions.CodeCoverage": "18.12.0",
          "Microsoft.Testing.Extensions.Telemetry": "2.5.0",
          "Microsoft.Testing.Extensions.TrxReport": "2.5.0",
          "TUnit.Assertions": "1.73.0",
          "TUnit.Engine": "1.73.0"
        }
      },
      "Verify.TUnit": {
        "type": "Direct",
        "requested": "[32.0.0, )",
        "resolved": "32.0.0",
        "contentHash": "mV/NkuBylG28ilm3Pn9jwJAligDoG/SKnVM0wJjiUtM1VA4ZCHUUJS9fkriHLqugMWi1qfdyJjBIhApIO7uvbQ==",
        "dependencies": {
          "Argon": "0.35.2",
          "DiffEngine": "20.0.0",
          "SimpleInfoName": "3.2.0",
          "TUnit.Core": "1.65.63",
          "Verify": "32.0.0"
        }
      },
      "Argon": {
        "type": "Transitive",
        "resolved": "0.35.2",
        "contentHash": "o0I9+qxk1r4EB8vqRaC49kHog8/UUuFPSqpUwi5husDuqTBbbWIhLOwO2uhzA6pdM4UJoz+owN/c1p05YxAs3A=="
      },
      "DiffEngine": {
        "type": "Transitive",
        "resolved": "20.0.0",
        "contentHash": "xPMY2HXF/ceSxWkuXGMVRHrgwdoXPlY+Mv08jgFHcpXoyC3RtyyvvoPIiNRrCSVYL32JH9W7jIDjGf5ZsbP8CA==",
        "dependencies": {
          "EmptyFiles": "8.18.2"
        }
      },
      "EmptyFiles": {
        "type": "Transitive",
        "resolved": "8.18.2",
        "contentHash": "9TKkDyiREYxgTDeoBrVlmBP83w7Hjhj5sDACQhketSgRhgaXRKpjPW7sazx3PEOg0i5PbrwLjoJG9caavf69hg=="
      },
      "Microsoft.ApplicationInsights": {
        "type": "Transitive",
        "resolved": "2.23.0",
        "contentHash": "nWArUZTdU7iqZLycLKWe0TDms48KKGE6pONH2terYNa8REXiqixrMOkf1sk5DHGMaUTqONU2YkS4SAXBhLStgw=="
      },
      "Microsoft.CodeAnalysis.Analyzers": {
        "type": "Transitive",
        "resolved": "5.3.0-2.25625.1",
        "contentHash": "4Yhh2fnu3G+J0J1lDc8WZVgMjgbynSeTfkl5IFJMFrmiIO0sc7Tjx+f3sFVV8Sd35PrIUWfof0RWc3lAMl7Azg=="
      },
      "Microsoft.CodeAnalysis.Common": {
        "type": "Transitive",
        "resolved": "5.3.0",
        "contentHash": "uC0qk3jzTQY7i90ehfnCqaOZpBUGJyPMiHJ3c0jOb8yaPBjWzIhVdNxPbeVzI74DB0C+YgBKPLqUkgFZzua5Mg==",
        "dependencies": {
          "Microsoft.CodeAnalysis.Analyzers": "5.3.0-2.25625.1"
        }
      },
      "Microsoft.DiaSymReader": {
        "type": "Transitive",
        "resolved": "2.2.10",
        "contentHash": "zmGsm6b2y3STDa/Of7rdkkfTDV8VuGB8aCqIkLoJIQh5tL78K3zJ8OUyFKnfsaORXmGr9iOKwDkZfUjeXi+CwA=="
      },
      "Microsoft.Extensions.DependencyModel": {
        "type": "Transitive",
        "resolved": "10.0.10",
        "contentHash": "rfZA1RjR021RPqSmIPovfz2aOd79TGqJ9BengbjnzIISOVwjLmuSDnhCMmiY/1c6iYvGolQ1iNGzkav0u11XEA=="
      },
      "Microsoft.Testing.Extensions.CodeCoverage": {
        "type": "Transitive",
        "resolved": "18.12.0",
        "contentHash": "BST/sWYpKk9OXO7Yxktcg6FWORRsHU0EdCbMwZ7d3OqJsMKlrNHIZ30g0Ib4k5T5acJYXRBmg9mNrTU/N6cy1g==",
        "dependencies": {
          "Microsoft.DiaSymReader": "2.2.10",
          "Microsoft.Extensions.DependencyModel": "10.0.10",
          "Microsoft.Testing.Platform": "2.5.0",
          "Mono.Cecil": "0.11.6"
        }
      },
      "Microsoft.Testing.Extensions.Telemetry": {
        "type": "Transitive",
        "resolved": "2.5.0",
        "contentHash": "KrbMmSQMKoM+RrF4QUp0FNJzmTmFXqz3HNZFQ0/DyGqegAx1NcRYrXbHK+Oxw2f7GBWkrgGc9FIo92oKVkFhsQ==",
        "dependencies": {
          "Microsoft.ApplicationInsights": "2.23.0",
          "Microsoft.Testing.Platform": "[2.5.0, 3.0.0)"
        }
      },
      "Microsoft.Testing.Extensions.TrxReport": {
        "type": "Transitive",
        "resolved": "2.5.0",
        "contentHash": "U0dDWXTARCh41DXh0km+fkpAOS+987ymijXsdjOLyTZb4Zss92565PsEqisOncdoGhvDgJiAT+rfO4agfmaVqw==",
        "dependencies": {
          "Microsoft.Testing.Extensions.TrxReport.Abstractions": "2.5.0",
          "Microsoft.Testing.Platform": "[2.5.0, 3.0.0)"
        }
      },
      "Microsoft.Testing.Extensions.TrxReport.Abstractions": {
        "type": "Transitive",
        "resolved": "2.5.0",
        "contentHash": "awUJ9LERhvqQeBCf+CGo5fTMp6glXL8lck2mn/3sHUJ1cKOEfI9yaVS3wRRgAAdJQ0tX6rqisFvhEaZCWW3mcw==",
        "dependencies": {
          "Microsoft.Testing.Platform": "[2.5.0, 3.0.0)"
        }
      },
      "Microsoft.Testing.Platform": {
        "type": "Transitive",
        "resolved": "2.5.0",
        "contentHash": "SQ+jJgs4I+Bwd+ua+c++6X+hOMOCceSHZxQPZVtkKit+ENUdErIuGjZjXe9XVDeHixZc3KCgsjhf/bxS4Mb5yA=="
      },
      "Microsoft.Testing.Platform.MSBuild": {
        "type": "Transitive",
        "resolved": "2.5.0",
        "contentHash": "+8RNQSAiZoaz/3wqQvCMZKFv7oQ+BNHmM7g6fd47yH9v4wIYzTlnYYt/ohmx2sS4DmOFrKv7xuoqCE8vfW10eA==",
        "dependencies": {
          "Microsoft.Testing.Platform": "[2.5.0, 3.0.0)"
        }
      },
      "Mono.Cecil": {
        "type": "Transitive",
        "resolved": "0.11.6",
        "contentHash": "f33RkDtZO8VlGXCtmQIviOtxgnUdym9xx/b1p9h91CRGOsJFxCFOFK1FDbVt1OCf1aWwYejUFa2MOQyFWTFjbA=="
      },
      "SimpleInfoName": {
        "type": "Transitive",
        "resolved": "3.2.0",
        "contentHash": "K8ivHRbPWfncijk62Dan/r/z55gwq3aFzqB6yFlD9X0bbpIaacHyHH2cpcIdz0FECUpERUZTwxts0z4gRWpQpA=="
      },
      "TUnit.Assertions": {
        "type": "Transitive",
        "resolved": "1.73.0",
        "contentHash": "pJUH4DQ2oF22WZ7UU+jz6M1SiaGfGzpFxZge5zvAPKvF41Un7r+18cPWoltTt9J+Xemfbsh8gmVkRncSpI9i2w=="
      },
      "TUnit.Core": {
        "type": "Transitive",
        "resolved": "1.73.0",
        "contentHash": "ERl2Kr+dsnLjGM3qZoXvljxe8i4s8KcU8KF6pFt838T57tDB9NUVHAcLB1eOfnBGxCbANlHA0dQNXsJjT0mWDg=="
      },
      "TUnit.Engine": {
        "type": "Transitive",
        "resolved": "1.73.0",
        "contentHash": "n40QBeasaKhDjexIpBY/GrY774A5HkTVIDIbdLZiQ0ggg+Q9bwrrG5udKZvXu94Xif7ISxUhDFVcF074/tcNNA==",
        "dependencies": {
          "Microsoft.Testing.Extensions.TrxReport.Abstractions": "2.5.0",
          "Microsoft.Testing.Platform": "2.5.0",
          "Microsoft.Testing.Platform.MSBuild": "2.5.0",
          "TUnit.Core": "1.73.0"
        }
      },
      "Verify": {
        "type": "Transitive",
        "resolved": "32.0.0",
        "contentHash": "HKCb7XJh8tbyvjGF3bKrvWR0Gtv4i6Ik5+WXdQXdT2JyJ59+BpmAT5p2oghwIHbuNhi8WRIq7NHbIt4Rc3ff0A==",
        "dependencies": {
          "Argon": "0.35.2",
          "DiffEngine": "20.0.0",
          "SimpleInfoName": "3.2.0"
        }
      },
      "theodicean.sourcegenerators": {
        "type": "Project"
      },
      "theodicean.sourcegenerators.attributes": {
        "type": "Project"
      }
    }
  }
}