{
  "version": 1,
  "dependencies": {
    "net10.0": {
      "Meziantou.Analyzer": {
        "type": "Direct",
        "requested": "[3.0.123, )",
        "resolved": "3.0.123",
        "contentHash": "maXbWokGTRWiBGqxxN2J1vEVGHFc6yWSjbyc0KkrJ78PcjkeWm3Y4PrKUH0tMcknpJvQkM4twMKrgSYZmRNbcQ=="
      },
      "Microsoft.CodeAnalysis.CSharp": {
        "type": "Direct",
        "requested": "[5.6.0, )",
        "resolved": "5.6.0",
        "contentHash": "r1DrKQ/L0xTw03wJrLr36AMQNslyaeEKBFyFmQcOKa8HX3YvmhY//JEUafb6IR/m0gmaUVCfBTWitKJRNb7YAA==",
        "dependencies": {
          "Microsoft.CodeAnalysis.Analyzers": "5.3.0",
          "Microsoft.CodeAnalysis.Common": "[5.6.0]"
        }
      },
      "TUnit": {
        "type": "Direct",
        "requested": "[1.61.29, )",
        "resolved": "1.61.29",
        "contentHash": "IErh6heAOeWr+7TApiTBFkYVMj/sJG3PRmDWN5OSkYmmWVJnJgIzjQpFJzPR8VRjdkaIpm7SERYltlXNubIvdQ==",
        "dependencies": {
          "Microsoft.Testing.Extensions.CodeCoverage": "18.9.0",
          "Microsoft.Testing.Extensions.Telemetry": "2.3.2",
          "Microsoft.Testing.Extensions.TrxReport": "2.3.2",
          "TUnit.Assertions": "1.61.29",
          "TUnit.Engine": "1.61.29"
        }
      },
      "Verify.TUnit": {
        "type": "Direct",
        "requested": "[31.27.0, )",
        "resolved": "31.27.0",
        "contentHash": "jMXS4Og1A7+IVmcsXkVeG/pk17w9EB4VTMbmZySoa0ucbtWgXz39nnhGz+H71Vs6V98PVeFqCbnhnYVK4ySNrw==",
        "dependencies": {
          "Argon": "0.35.2",
          "DiffEngine": "19.3.3",
          "SimpleInfoName": "3.2.0",
          "TUnit.Core": "1.61.15",
          "Verify": "31.27.0"
        }
      },
      "Argon": {
        "type": "Transitive",
        "resolved": "0.35.2",
        "contentHash": "o0I9+qxk1r4EB8vqRaC49kHog8/UUuFPSqpUwi5husDuqTBbbWIhLOwO2uhzA6pdM4UJoz+owN/c1p05YxAs3A=="
      },
      "DiffEngine": {
        "type": "Transitive",
        "resolved": "19.3.3",
        "contentHash": "9dgeYqMOYA5BREQj5PNEuNHOe3q8xmkLj9jPPbxrJ2roxupVmJ3LlUgForWlxXgt0zoutfPE+sbVjif3YHC3zw==",
        "dependencies": {
          "EmptyFiles": "8.18.2"
        }
      },
      "EmptyFiles": {
        "type": "Transitive",
        "resolved": "8.18.2",
        "contentHash": "9TKkDyiREYxgTDeoBrVlmBP83w7Hjhj5sDACQhketSgRhgaXRKpjPW7sazx3PEOg0i5PbrwLjoJG9caavf69hg=="
      },
      "Microsoft.ApplicationInsights": {
        "type": "Transitive",
        "resolved": "2.23.0",
        "contentHash": "nWArUZTdU7iqZLycLKWe0TDms48KKGE6pONH2terYNa8REXiqixrMOkf1sk5DHGMaUTqONU2YkS4SAXBhLStgw=="
      },
      "Microsoft.CodeAnalysis.Analyzers": {
        "type": "Transitive",
        "resolved": "5.3.0",
        "contentHash": "KuLhbZwB0L8JikL86AE5VWEp3RLNjIcp+j8yz9EJ/UBgRz4+qDEjHg/tluRFbpYpD/e37BqaaNFbQ0vqawBwWQ=="
      },
      "Microsoft.CodeAnalysis.Common": {
        "type": "Transitive",
        "resolved": "5.6.0",
        "contentHash": "eWYNB5e92PSdkQ0xcmy2aLtrvBXNydnVi0Hj/VjaAely6XBqA3By+ClGAJaj4d16pzQmrXPLLK9RDVuS1Ec9xQ==",
        "dependencies": {
          "Microsoft.CodeAnalysis.Analyzers": "5.3.0"
        }
      },
      "Microsoft.DiaSymReader": {
        "type": "Transitive",
        "resolved": "2.2.9",
        "contentHash": "WLbDc/W9XkHpGVtd1L6Vml8W6+PaaYZZTJASHjHF7W2WX/hld6bfNK102Ui+I3a6zIdx4+oKRJtMgHz44JmBfw=="
      },
      "Microsoft.Extensions.DependencyModel": {
        "type": "Transitive",
        "resolved": "10.0.8",
        "contentHash": "vLyZVpxmduO2jx+76ggqnsA3m81kwMY3NkWciNTj5E+Nvqb0VihqCvQP89QsGONWp0AJwMZG+u9GzaCjDdFGNw=="
      },
      "Microsoft.Testing.Extensions.CodeCoverage": {
        "type": "Transitive",
        "resolved": "18.9.0",
        "contentHash": "Odp8djWEUFTJoRV02y0zJaAwAHF31CtNaDgnKKM+8dBHbbaH7Ee0oo9gweLpbzjI7UrtMUzH6xLJSrICZw+Nwg==",
        "dependencies": {
          "Microsoft.DiaSymReader": "2.2.9",
          "Microsoft.Extensions.DependencyModel": "10.0.8",
          "Microsoft.Testing.Platform": "2.3.0"
        }
      },
      "Microsoft.Testing.Extensions.Telemetry": {
        "type": "Transitive",
        "resolved": "2.3.2",
        "contentHash": "Q1iapTk1DwFFT9aPtv4wxJHe22++NLxsg7IekEujac9RDAugxGQdCN0SQ1b9ryF78cdidhSBB17pHdCANurOyQ==",
        "dependencies": {
          "Microsoft.ApplicationInsights": "2.23.0",
          "Microsoft.Testing.Platform": "2.3.2"
        }
      },
      "Microsoft.Testing.Extensions.TrxReport": {
        "type": "Transitive",
        "resolved": "2.3.2",
        "contentHash": "JzCtiOAmIfkPP2PpAKZeiH1hVYIVC9jMhsPWrd6PnH/Wtuct1UMuxpKi2F1cmXgfokc/HOadC6HOO1qzI23tnA==",
        "dependencies": {
          "Microsoft.Testing.Extensions.TrxReport.Abstractions": "2.3.2",
          "Microsoft.Testing.Platform": "2.3.2"
        }
      },
      "Microsoft.Testing.Extensions.TrxReport.Abstractions": {
        "type": "Transitive",
        "resolved": "2.3.2",
        "contentHash": "frw+Qa6gUxOZSw2Mw6SPtJT9gPzcP4nS9TfQhS0cHXKL6Rcp/CqLG+o4Psc1bHAhxW04rpzTBhjpNMnw2L7BuQ==",
        "dependencies": {
          "Microsoft.Testing.Platform": "2.3.2"
        }
      },
      "Microsoft.Testing.Platform": {
        "type": "Transitive",
        "resolved": "2.3.2",
        "contentHash": "FuJgIEfNU+rFHJYGhuqA8uup+3cryJ1N67Tijqo01Jd5xAr28ptz0aXkFfSqK3MhAUmGsrPpgQ92+3+0oXv8AA=="
      },
      "Microsoft.Testing.Platform.MSBuild": {
        "type": "Transitive",
        "resolved": "2.3.2",
        "contentHash": "guFvvaE8FGUlB6h24jN+P+NBz/P5x4On9sk4n5UapUAPq4fr0y1AgUe4sXmItp7r2NMe3rhZYLE1teP9T9sVbg==",
        "dependencies": {
          "Microsoft.Testing.Platform": "2.3.2"
        }
      },
      "SimpleInfoName": {
        "type": "Transitive",
        "resolved": "3.2.0",
        "contentHash": "K8ivHRbPWfncijk62Dan/r/z55gwq3aFzqB6yFlD9X0bbpIaacHyHH2cpcIdz0FECUpERUZTwxts0z4gRWpQpA=="
      },
      "TUnit.Assertions": {
        "type": "Transitive",
        "resolved": "1.61.29",
        "contentHash": "T9yQV3IZ/19bZ7F338RWywtDFoyIYjWXmV/UOCVFy3QZmLYeFLsvVqlAIjEw2g1EHUwhKkWYTSxum1lov0orWA=="
      },
      "TUnit.Core": {
        "type": "Transitive",
        "resolved": "1.61.29",
        "contentHash": "jJ+1g3piENP/HdW9ya3MwcLLtv2S1Rwqf5Et88GIqQ7W81xodOgEKelsD9SRQ9LUN7siZnylRcgCy5jaBN0anA=="
      },
      "TUnit.Engine": {
        "type": "Transitive",
        "resolved": "1.61.29",
        "contentHash": "9xF5G2n1OJcdtN31ACvccplqjeSztkaIXe9G6zSzBUPXU/aH8IC6fKtbzkNF+wC0Z/nzJ84v6vVbYoIQ6j9HZg==",
        "dependencies": {
          "Microsoft.Testing.Extensions.TrxReport.Abstractions": "2.3.2",
          "Microsoft.Testing.Platform": "2.3.2",
          "Microsoft.Testing.Platform.MSBuild": "2.3.2",
          "TUnit.Core": "1.61.29"
        }
      },
      "Verify": {
        "type": "Transitive",
        "resolved": "31.27.0",
        "contentHash": "cIp8GY1vJHJAWu8b+1fscNqTqI/rU4v+nmnugjbm1ltawYOZbtzl+wParOB3Mk2TM2IeClJJoElao3BTKTRPRw==",
        "dependencies": {
          "Argon": "0.35.2",
          "DiffEngine": "19.3.3",
          "SimpleInfoName": "3.2.0"
        }
      },
      "theodicean.sourcegenerators": {
        "type": "Project"
      },
      "theodicean.sourcegenerators.attributes": {
        "type": "Project"
      }
    }
  }
}